{
  "version": 4,
  "terraform_version": "1.12.2",
  "serial": 17,
  "lineage": "76f0e9b3-8ddb-1988-b341-4f162ede2f32",
  "outputs": {
    "app_service_name": {
      "value": "ajudadorabot-production-app",
      "type": "string"
    },
    "container_registry_info": {
      "value": {
        "image_name": "ghcr.io/ajudadorabot",
        "latest_tag": "ghcr.io/ajudadorabot:latest",
        "registry_url": "ghcr.io"
      },
      "type": [
        "object",
        {
          "image_name": "string",
          "latest_tag": "string",
          "registry_url": "string"
        }
      ]
    },
    "cost_optimization_summary": {
      "value": {
        "always_on_disabled": "Yes (not available in F1)",
        "app_service_tier": "F1 (Free)",
        "backup_strategy": "Manual/Script-based (Free)",
        "container_registry": "GitHub Container Registry (Free)",
        "custom_domain": "No (using *.azurewebsites.net)",
        "key_vault_tier": "Standard (Free operations)",
        "log_retention": "3 days (cost optimized)",
        "monitoring": "Datadog Free Tier",
        "ssl_certificate": "Shared SSL (Free)",
        "storage_strategy": "App Service Local Storage"
      },
      "type": [
        "object",
        {
          "always_on_disabled": "string",
          "app_service_tier": "string",
          "backup_strategy": "string",
          "container_registry": "string",
          "custom_domain": "string",
          "key_vault_tier": "string",
          "log_retention": "string",
          "monitoring": "string",
          "ssl_certificate": "string",
          "storage_strategy": "string"
        }
      ]
    },
    "datadog_config": {
      "value": {
        "api_key_secret": "datadog-api-key",
        "apm_enabled": true,
        "environment": "production",
        "logs_enabled": true,
        "service_name": "ajudadorabot",
        "site": "datadoghq.com",
        "trace_enabled": true,
        "version": "1.0.0"
      },
      "type": [
        "object",
        {
          "api_key_secret": "string",
          "apm_enabled": "bool",
          "environment": "string",
          "logs_enabled": "bool",
          "service_name": "string",
          "site": "string",
          "trace_enabled": "bool",
          "version": "string"
        }
      ]
    },
    "deployment_config": {
      "value": {
        "app_name": "ajudadorabot",
        "container_registry": "ghcr.io",
        "datadog_site": "datadoghq.com",
        "environment": "production",
        "free_tier_constraints": {
          "bandwidth_gb": 0.165,
          "compute_hours_per_day": 1,
          "custom_domains": 0,
          "datadog_hosts": 5,
          "datadog_retention_days": 1,
          "deployment_slots": 0,
          "key_vault_operations": 25000,
          "ssl_connections": 0,
          "storage_gb": 1
        },
        "location": "East US"
      },
      "type": [
        "object",
        {
          "app_name": "string",
          "container_registry": "string",
          "datadog_site": "string",
          "environment": "string",
          "free_tier_constraints": [
            "object",
            {
              "bandwidth_gb": "number",
              "compute_hours_per_day": "number",
              "custom_domains": "number",
              "datadog_hosts": "number",
              "datadog_retention_days": "number",
              "deployment_slots": "number",
              "key_vault_operations": "number",
              "ssl_connections": "number",
              "storage_gb": "number"
            }
          ],
          "location": "string"
        }
      ]
    },
    "free_tier_info": {
      "value": {
        "custom_domains": 0,
        "daily_bandwidth": "0.165 GB",
        "daily_compute_hours": "1 hours",
        "datadog_hosts": 5,
        "datadog_retention": "1 days",
        "deployment_slots": 0,
        "key_vault_operations": "25000/month",
        "ssl_connections": 0,
        "storage_limit": "1 GB"
      },
      "type": [
        "object",
        {
          "custom_domains": "number",
          "daily_bandwidth": "string",
          "daily_compute_hours": "string",
          "datadog_hosts": "number",
          "datadog_retention": "string",
          "deployment_slots": "number",
          "key_vault_operations": "string",
          "ssl_connections": "number",
          "storage_limit": "string"
        }
      ]
    },
    "key_vault_id": {
      "value": "/subscriptions/14e69d36-e5b9-4122-a138-a70829258138/resourceGroups/ajudadorabot-production-rg/providers/Microsoft.KeyVault/vaults/ajudadorabot-prod-kv",
      "type": "string"
    },
    "key_vault_name": {
      "value": "ajudadorabot-prod-kv",
      "type": "string"
    },
    "key_vault_uri": {
      "value": "https://ajudadorabot-prod-kv.vault.azure.net/",
      "type": "string"
    },
    "resource_group_location": {
      "value": "eastus",
      "type": "string"
    },
    "resource_group_name": {
      "value": "ajudadorabot-production-rg",
      "type": "string"
    },
    "service_plan_name": {
      "value": "ajudadorabot-production-plan",
      "type": "string"
    },
    "service_plan_sku": {
      "value": "F1",
      "type": "string"
    }
  },
  "resources": [
    {
      "mode": "data",
      "type": "azurerm_client_config",
      "name": "current",
      "provider": "provider[\"registry.terraform.io/hashicorp/azurerm\"]",
      "instances": [
        {
          "schema_version": 0,
          "attributes": {
            "client_id": "1c73f84f-2f67-410d-81a2-9db78a920955",
            "id": "Y2xpZW50Q29uZmlncy9jbGllbnRJZD0xYzczZjg0Zi0yZjY3LTQxMGQtODFhMi05ZGI3OGE5MjA5NTU7b2JqZWN0SWQ9ZmZiMjZhMDItYWM0YS00ZDkwLThmYTQtMzFhZjNiYjdlYzhiO3N1YnNjcmlwdGlvbklkPTE0ZTY5ZDM2LWU1YjktNDEyMi1hMTM4LWE3MDgyOTI1ODEzODt0ZW5hbnRJZD02MmNjYjg2NC02YTFhLTRiNWQtOGUxYy0zOTdkZWMxYTgyNTg=",
            "object_id": "ffb26a02-ac4a-4d90-8fa4-31af3bb7ec8b",
            "subscription_id": "14e69d36-e5b9-4122-a138-a70829258138",
            "tenant_id": "62ccb864-6a1a-4b5d-8e1c-397dec1a8258",
            "timeouts": null
          },
          "sensitive_attributes": [],
          "identity_schema_version": 0
        }
      ]
    },
    {
      "mode": "managed",
      "type": "azurerm_key_vault",
      "name": "main",
      "provider": "provider[\"registry.terraform.io/hashicorp/azurerm\"]",
      "instances": [
        {
          "schema_version": 2,
          "attributes": {
            "access_policy": [
              {
                "application_id": "",
                "certificate_permissions": [],
                "key_permissions": [],
                "object_id": "ffb26a02-ac4a-4d90-8fa4-31af3bb7ec8b",
                "secret_permissions": [
                  "Backup",
                  "Delete",
                  "Get",
                  "List",
                  "Purge",
                  "Recover",
                  "Restore",
                  "Set"
                ],
                "storage_permissions": [],
                "tenant_id": "62ccb864-6a1a-4b5d-8e1c-397dec1a8258"
              }
            ],
            "contact": [],
            "enable_rbac_authorization": false,
            "enabled_for_deployment": true,
            "enabled_for_disk_encryption": false,
            "enabled_for_template_deployment": true,
            "id": "/subscriptions/14e69d36-e5b9-4122-a138-a70829258138/resourceGroups/ajudadorabot-production-rg/providers/Microsoft.KeyVault/vaults/ajudadorabot-prod-kv",
            "location": "eastus",
            "name": "ajudadorabot-prod-kv",
            "network_acls": [
              {
                "bypass": "AzureServices",
                "default_action": "Allow",
                "ip_rules": [],
                "virtual_network_subnet_ids": []
              }
            ],
            "public_network_access_enabled": true,
            "purge_protection_enabled": false,
            "resource_group_name": "ajudadorabot-production-rg",
            "sku_name": "standard",
            "soft_delete_retention_days": 7,
            "tags": {
              "Application": "ajudadorabot",
              "CostCenter": "Free-Tier",
              "DatadogMonitored": "true",
              "DeploymentType": "Cost-Optimized",
              "Environment": "production",
              "ManagedBy": "Terraform"
            },
            "tenant_id": "62ccb864-6a1a-4b5d-8e1c-397dec1a8258",
            "timeouts": null,
            "vault_uri": "https://ajudadorabot-prod-kv.vault.azure.net/"
          },
          "sensitive_attributes": [],
          "identity_schema_version": 0,
          "private": "eyJlMmJmYjczMC1lY2FhLTExZTYtOGY4OC0zNDM2M2JjN2M0YzAiOnsiY3JlYXRlIjoxODAwMDAwMDAwMDAwLCJkZWxldGUiOjE4MDAwMDAwMDAwMDAsInJlYWQiOjMwMDAwMDAwMDAwMCwidXBkYXRlIjoxODAwMDAwMDAwMDAwfSwic2NoZW1hX3ZlcnNpb24iOiIyIn0=",
          "dependencies": [
            "azurerm_resource_group.main",
            "data.azurerm_client_config.current"
          ]
        }
      ]
    },
    {
      "mode": "managed",
      "type": "azurerm_key_vault_access_policy",
      "name": "terraform",
      "provider": "provider[\"registry.terraform.io/hashicorp/azurerm\"]",
      "instances": [
        {
          "schema_version": 0,
          "attributes": {
            "application_id": "",
            "certificate_permissions": [],
            "id": "/subscriptions/14e69d36-e5b9-4122-a138-a70829258138/resourceGroups/ajudadorabot-production-rg/providers/Microsoft.KeyVault/vaults/ajudadorabot-prod-kv/objectId/ffb26a02-ac4a-4d90-8fa4-31af3bb7ec8b",
            "key_permissions": [],
            "key_vault_id": "/subscriptions/14e69d36-e5b9-4122-a138-a70829258138/resourceGroups/ajudadorabot-production-rg/providers/Microsoft.KeyVault/vaults/ajudadorabot-prod-kv",
            "object_id": "ffb26a02-ac4a-4d90-8fa4-31af3bb7ec8b",
            "secret_permissions": [
              "Backup",
              "Delete",
              "Get",
              "List",
              "Purge",
              "Recover",
              "Restore",
              "Set"
            ],
            "storage_permissions": [],
            "tenant_id": "62ccb864-6a1a-4b5d-8e1c-397dec1a8258",
            "timeouts": null
          },
          "sensitive_attributes": [],
          "identity_schema_version": 0,
          "private": "eyJlMmJmYjczMC1lY2FhLTExZTYtOGY4OC0zNDM2M2JjN2M0YzAiOnsiY3JlYXRlIjoxODAwMDAwMDAwMDAwLCJkZWxldGUiOjE4MDAwMDAwMDAwMDAsInJlYWQiOjMwMDAwMDAwMDAwMCwidXBkYXRlIjoxODAwMDAwMDAwMDAwfX0=",
          "dependencies": [
            "azurerm_key_vault.main",
            "azurerm_resource_group.main",
            "data.azurerm_client_config.current"
          ]
        }
      ]
    },
    {
      "mode": "managed",
      "type": "azurerm_key_vault_secret",
      "name": "datadog_api_key",
      "provider": "provider[\"registry.terraform.io/hashicorp/azurerm\"]",
      "instances": [
        {
          "schema_version": 0,
          "attributes": {
            "content_type": "Datadog API Key",
            "expiration_date": "2026-08-01T04:32:02Z",
            "id": "https://ajudadorabot-prod-kv.vault.azure.net/secrets/datadog-api-key/ad079aa2bd7f468791a5992c054007bb",
            "key_vault_id": "/subscriptions/14e69d36-e5b9-4122-a138-a70829258138/resourceGroups/ajudadorabot-production-rg/providers/Microsoft.KeyVault/vaults/ajudadorabot-prod-kv",
            "name": "datadog-api-key",
            "not_before_date": null,
            "resource_id": "/subscriptions/14e69d36-e5b9-4122-a138-a70829258138/resourceGroups/ajudadorabot-production-rg/providers/Microsoft.KeyVault/vaults/ajudadorabot-prod-kv/secrets/datadog-api-key/versions/ad079aa2bd7f468791a5992c054007bb",
            "resource_versionless_id": "/subscriptions/14e69d36-e5b9-4122-a138-a70829258138/resourceGroups/ajudadorabot-production-rg/providers/Microsoft.KeyVault/vaults/ajudadorabot-prod-kv/secrets/datadog-api-key",
            "tags": {
              "Application": "ajudadorabot",
              "CostCenter": "Free-Tier",
              "DatadogMonitored": "true",
              "DeploymentType": "Cost-Optimized",
              "Environment": "production",
              "ManagedBy": "Terraform"
            },
            "timeouts": null,
            "value": "aaaaaaaaaaaaaaaaaaaaaaaaaaaaaaaaaa",
            "version": "ad079aa2bd7f468791a5992c054007bb",
            "versionless_id": "https://ajudadorabot-prod-kv.vault.azure.net/secrets/datadog-api-key"
          },
          "sensitive_attributes": [
            [
              {
                "type": "get_attr",
                "value": "value"
              }
            ]
          ],
          "identity_schema_version": 0,
          "private": "eyJlMmJmYjczMC1lY2FhLTExZTYtOGY4OC0zNDM2M2JjN2M0YzAiOnsiY3JlYXRlIjoxODAwMDAwMDAwMDAwLCJkZWxldGUiOjE4MDAwMDAwMDAwMDAsInJlYWQiOjE4MDAwMDAwMDAwMDAsInVwZGF0ZSI6MTgwMDAwMDAwMDAwMH19",
          "dependencies": [
            "azurerm_key_vault.main",
            "azurerm_key_vault_access_policy.terraform",
            "azurerm_resource_group.main",
            "data.azurerm_client_config.current"
          ]
        }
      ]
    },
    {
      "mode": "managed",
      "type": "azurerm_key_vault_secret",
      "name": "jwt_secret",
      "provider": "provider[\"registry.terraform.io/hashicorp/azurerm\"]",
      "instances": [
        {
          "schema_version": 0,
          "attributes": {
            "content_type": "JWT Signing Secret",
            "expiration_date": "2026-08-01T04:32:02Z",
            "id": "https://ajudadorabot-prod-kv.vault.azure.net/secrets/jwt-secret/61874a43fcf6488191a833732cf32501",
            "key_vault_id": "/subscriptions/14e69d36-e5b9-4122-a138-a70829258138/resourceGroups/ajudadorabot-production-rg/providers/Microsoft.KeyVault/vaults/ajudadorabot-prod-kv",
            "name": "jwt-secret",
            "not_before_date": null,
            "resource_id": "/subscriptions/14e69d36-e5b9-4122-a138-a70829258138/resourceGroups/ajudadorabot-production-rg/providers/Microsoft.KeyVault/vaults/ajudadorabot-prod-kv/secrets/jwt-secret/versions/61874a43fcf6488191a833732cf32501",
            "resource_versionless_id": "/subscriptions/14e69d36-e5b9-4122-a138-a70829258138/resourceGroups/ajudadorabot-production-rg/providers/Microsoft.KeyVault/vaults/ajudadorabot-prod-kv/secrets/jwt-secret",
            "tags": {
              "Application": "ajudadorabot",
              "CostCenter": "Free-Tier",
              "DatadogMonitored": "true",
              "DeploymentType": "Cost-Optimized",
              "Environment": "production",
              "ManagedBy": "Terraform"
            },
            "timeouts": null,
            "value": "oXrPT\u0026]LPBB)x%%J5I_r@TfEXl34u8*@iA2{ES_8j%KKeQ@W7ATo0Y=X9wg]@j?#",
            "version": "61874a43fcf6488191a833732cf32501",
            "versionless_id": "https://ajudadorabot-prod-kv.vault.azure.net/secrets/jwt-secret"
          },
          "sensitive_attributes": [
            [
              {
                "type": "get_attr",
                "value": "value"
              }
            ]
          ],
          "identity_schema_version": 0,
          "private": "eyJlMmJmYjczMC1lY2FhLTExZTYtOGY4OC0zNDM2M2JjN2M0YzAiOnsiY3JlYXRlIjoxODAwMDAwMDAwMDAwLCJkZWxldGUiOjE4MDAwMDAwMDAwMDAsInJlYWQiOjE4MDAwMDAwMDAwMDAsInVwZGF0ZSI6MTgwMDAwMDAwMDAwMH19",
          "dependencies": [
            "azurerm_key_vault.main",
            "azurerm_key_vault_access_policy.terraform",
            "azurerm_resource_group.main",
            "data.azurerm_client_config.current",
            "random_password.jwt_secret"
          ]
        }
      ]
    },
    {
      "mode": "managed",
      "type": "azurerm_key_vault_secret",
      "name": "telegram_bot_token",
      "provider": "provider[\"registry.terraform.io/hashicorp/azurerm\"]",
      "instances": [
        {
          "schema_version": 0,
          "attributes": {
            "content_type": "Telegram Bot API Token",
            "expiration_date": "2026-08-01T04:32:02Z",
            "id": "https://ajudadorabot-prod-kv.vault.azure.net/secrets/telegram-bot-token/26f00434e25c4263b143cde0392f9aaf",
            "key_vault_id": "/subscriptions/14e69d36-e5b9-4122-a138-a70829258138/resourceGroups/ajudadorabot-production-rg/providers/Microsoft.KeyVault/vaults/ajudadorabot-prod-kv",
            "name": "telegram-bot-token",
            "not_before_date": null,
            "resource_id": "/subscriptions/14e69d36-e5b9-4122-a138-a70829258138/resourceGroups/ajudadorabot-production-rg/providers/Microsoft.KeyVault/vaults/ajudadorabot-prod-kv/secrets/telegram-bot-token/versions/26f00434e25c4263b143cde0392f9aaf",
            "resource_versionless_id": "/subscriptions/14e69d36-e5b9-4122-a138-a70829258138/resourceGroups/ajudadorabot-production-rg/providers/Microsoft.KeyVault/vaults/ajudadorabot-prod-kv/secrets/telegram-bot-token",
            "tags": {
              "Application": "ajudadorabot",
              "CostCenter": "Free-Tier",
              "DatadogMonitored": "true",
              "DeploymentType": "Cost-Optimized",
              "Environment": "production",
              "ManagedBy": "Terraform"
            },
            "timeouts": null,
            "value": "1234567890:AABBCCDDEEFFGGHHIIJJKKLLMMNNOOPPQQRRSSTTUUVVWWXXYYZZaabbccddee",
            "version": "26f00434e25c4263b143cde0392f9aaf",
            "versionless_id": "https://ajudadorabot-prod-kv.vault.azure.net/secrets/telegram-bot-token"
          },
          "sensitive_attributes": [
            [
              {
                "type": "get_attr",
                "value": "value"
              }
            ]
          ],
          "identity_schema_version": 0,
          "private": "eyJlMmJmYjczMC1lY2FhLTExZTYtOGY4OC0zNDM2M2JjN2M0YzAiOnsiY3JlYXRlIjoxODAwMDAwMDAwMDAwLCJkZWxldGUiOjE4MDAwMDAwMDAwMDAsInJlYWQiOjE4MDAwMDAwMDAwMDAsInVwZGF0ZSI6MTgwMDAwMDAwMDAwMH19",
          "dependencies": [
            "azurerm_key_vault.main",
            "azurerm_key_vault_access_policy.terraform",
            "azurerm_resource_group.main",
            "data.azurerm_client_config.current"
          ]
        }
      ]
    },
    {
      "mode": "managed",
      "type": "azurerm_monitor_action_group",
      "name": "cost_alerts",
      "provider": "provider[\"registry.terraform.io/hashicorp/azurerm\"]",
      "instances": [
        {
          "index_key": 0,
          "schema_version": 1,
          "attributes": {
            "arm_role_receiver": [],
            "automation_runbook_receiver": [],
            "azure_app_push_receiver": [],
            "azure_function_receiver": [],
            "email_receiver": [
              {
                "email_address": "admin@example.com",
                "name": "Admin",
                "use_common_alert_schema": false
              }
            ],
            "enabled": true,
            "event_hub_receiver": [],
            "id": "/subscriptions/14e69d36-e5b9-4122-a138-a70829258138/resourceGroups/ajudadorabot-production-rg/providers/Microsoft.Insights/actionGroups/ajudadorabot-production-cost-alerts",
            "itsm_receiver": [],
            "location": "global",
            "logic_app_receiver": [],
            "name": "ajudadorabot-production-cost-alerts",
            "resource_group_name": "ajudadorabot-production-rg",
            "short_name": "CostAlert",
            "sms_receiver": [],
            "tags": {
              "Application": "ajudadorabot",
              "CostCenter": "Free-Tier",
              "DatadogMonitored": "true",
              "DeploymentType": "Cost-Optimized",
              "Environment": "production",
              "ManagedBy": "Terraform"
            },
            "timeouts": null,
            "voice_receiver": [],
            "webhook_receiver": [
              {
                "aad_auth": [],
                "name": "DatadogWebhook",
                "service_uri": "https://webhook-intake.datadoghq.com/api/v1/integration/webhooks/datadog-api-key",
                "use_common_alert_schema": false
              }
            ]
          },
          "sensitive_attributes": [],
          "identity_schema_version": 0,
          "private": "eyJlMmJmYjczMC1lY2FhLTExZTYtOGY4OC0zNDM2M2JjN2M0YzAiOnsiY3JlYXRlIjoxODAwMDAwMDAwMDAwLCJkZWxldGUiOjE4MDAwMDAwMDAwMDAsInJlYWQiOjMwMDAwMDAwMDAwMCwidXBkYXRlIjoxODAwMDAwMDAwMDAwfSwic2NoZW1hX3ZlcnNpb24iOiIxIn0=",
          "dependencies": [
            "azurerm_key_vault.main",
            "azurerm_key_vault_access_policy.terraform",
            "azurerm_key_vault_secret.datadog_api_key",
            "azurerm_resource_group.main",
            "data.azurerm_client_config.current"
          ]
        }
      ]
    },
    {
      "mode": "managed",
      "type": "azurerm_resource_group",
      "name": "main",
      "provider": "provider[\"registry.terraform.io/hashicorp/azurerm\"]",
      "instances": [
        {
          "schema_version": 0,
          "attributes": {
            "id": "/subscriptions/14e69d36-e5b9-4122-a138-a70829258138/resourceGroups/ajudadorabot-production-rg",
            "location": "eastus",
            "managed_by": "",
            "name": "ajudadorabot-production-rg",
            "tags": {
              "Application": "ajudadorabot",
              "CostCenter": "Free-Tier",
              "DatadogMonitored": "true",
              "DeploymentType": "Cost-Optimized",
              "Environment": "production",
              "ManagedBy": "Terraform"
            },
            "timeouts": null
          },
          "sensitive_attributes": [],
          "identity_schema_version": 0,
          "private": "eyJlMmJmYjczMC1lY2FhLTExZTYtOGY4OC0zNDM2M2JjN2M0YzAiOnsiY3JlYXRlIjo1NDAwMDAwMDAwMDAwLCJkZWxldGUiOjU0MDAwMDAwMDAwMDAsInJlYWQiOjMwMDAwMDAwMDAwMCwidXBkYXRlIjo1NDAwMDAwMDAwMDAwfX0="
        }
      ]
    },
    {
      "mode": "managed",
      "type": "azurerm_service_plan",
      "name": "main",
      "provider": "provider[\"registry.terraform.io/hashicorp/azurerm\"]",
      "instances": [
        {
          "schema_version": 1,
          "attributes": {
            "app_service_environment_id": "",
            "id": "/subscriptions/14e69d36-e5b9-4122-a138-a70829258138/resourceGroups/ajudadorabot-production-rg/providers/Microsoft.Web/serverFarms/ajudadorabot-production-plan",
            "kind": "linux",
            "location": "eastus",
            "maximum_elastic_worker_count": 1,
            "name": "ajudadorabot-production-plan",
            "os_type": "Linux",
            "per_site_scaling_enabled": false,
            "reserved": true,
            "resource_group_name": "ajudadorabot-production-rg",
            "sku_name": "F1",
            "tags": {
              "Application": "ajudadorabot",
              "CostCenter": "Free-Tier",
              "DatadogMonitored": "true",
              "DeploymentType": "Cost-Optimized",
              "Environment": "production",
              "ManagedBy": "Terraform"
            },
            "timeouts": null,
            "worker_count": 1,
            "zone_balancing_enabled": false
          },
          "sensitive_attributes": [],
          "identity_schema_version": 0,
          "private": "eyJlMmJmYjczMC1lY2FhLTExZTYtOGY4OC0zNDM2M2JjN2M0YzAiOnsiY3JlYXRlIjozNjAwMDAwMDAwMDAwLCJkZWxldGUiOjM2MDAwMDAwMDAwMDAsInJlYWQiOjMwMDAwMDAwMDAwMCwidXBkYXRlIjozNjAwMDAwMDAwMDAwfSwic2NoZW1hX3ZlcnNpb24iOiIxIn0=",
          "dependencies": [
            "azurerm_resource_group.main"
          ]
        }
      ]
    },
    {
      "mode": "managed",
      "type": "azurerm_storage_account",
      "name": "main",
      "provider": "provider[\"registry.terraform.io/hashicorp/azurerm\"]",
      "instances": []
    },
    {
      "mode": "managed",
      "type": "random_password",
      "name": "jwt_secret",
      "provider": "provider[\"registry.terraform.io/hashicorp/random\"]",
      "instances": [
        {
          "schema_version": 3,
          "attributes": {
            "bcrypt_hash": "$2a$10$MscIUvxS.zG2xqmL3Xy81.1CIDXok6CtsUuJihcHhjMF/hxB8KOIq",
            "id": "none",
            "keepers": null,
            "length": 64,
            "lower": true,
            "min_lower": 0,
            "min_numeric": 0,
            "min_special": 0,
            "min_upper": 0,
            "number": true,
            "numeric": true,
            "override_special": null,
            "result": "oXrPT\u0026]LPBB)x%%J5I_r@TfEXl34u8*@iA2{ES_8j%KKeQ@W7ATo0Y=X9wg]@j?#",
            "special": true,
            "upper": true
          },
          "sensitive_attributes": [
            [
              {
                "type": "get_attr",
                "value": "bcrypt_hash"
              }
            ],
            [
              {
                "type": "get_attr",
                "value": "result"
              }
            ]
          ],
          "identity_schema_version": 0
        }
      ]
    }
  ],
  "check_results": [
    {
      "object_kind": "var",
      "config_addr": "var.app_name",
      "status": "pass",
      "objects": [
        {
          "object_addr": "var.app_name",
          "status": "pass"
        }
      ]
    },
    {
      "object_kind": "var",
      "config_addr": "var.environment",
      "status": "pass",
      "objects": [
        {
          "object_addr": "var.environment",
          "status": "pass"
        }
      ]
    },
    {
      "object_kind": "var",
      "config_addr": "var.location",
      "status": "pass",
      "objects": [
        {
          "object_addr": "var.location",
          "status": "pass"
        }
      ]
    },
    {
      "object_kind": "var",
      "config_addr": "var.datadog_site",
      "status": "pass",
      "objects": [
        {
          "object_addr": "var.datadog_site",
          "status": "pass"
        }
      ]
    }
  ]
}
