{
  "version": 4,
  "terraform_version": "1.12.2",
  "serial": 68,
  "lineage": "76f0e9b3-8ddb-1988-b341-4f162ede2f32",
  "outputs": {
    "app_service_default_hostname": {
      "value": "ajudadorabot-production-app.azurewebsites.net",
      "type": "string"
    },
    "app_service_image": {
      "value": "ghcr.io/ajudadorabot:1.0.0",
      "type": "string"
    },
    "app_service_name": {
      "value": "ajudadorabot-production-app",
      "type": "string"
    },
    "app_service_principal_id": {
      "value": "3bea73d7-41b7-4022-b46d-b54f8a2a32cd",
      "type": "string"
    },
    "app_service_url": {
      "value": "https://ajudadorabot-production-app.azurewebsites.net",
      "type": "string"
    },
    "container_registry_info": {
      "value": {
        "image_name": "ghcr.io/ajudadorabot",
        "latest_tag": "ghcr.io/ajudadorabot:latest",
        "registry_url": "ghcr.io"
      },
      "type": [
        "object",
        {
          "image_name": "string",
          "latest_tag": "string",
          "registry_url": "string"
        }
      ]
    },
    "cost_optimization_summary": {
      "value": {
        "always_on_disabled": "Yes (not available in F1)",
        "app_service_tier": "F1 (Free)",
        "backup_strategy": "Manual/Script-based (Free)",
        "container_registry": "GitHub Container Registry (Free)",
        "custom_domain": "No (using *.azurewebsites.net)",
        "key_vault_tier": "Standard (Free operations)",
        "log_retention": "3 days (cost optimized)",
        "monitoring": "Datadog Free Tier",
        "ssl_certificate": "Shared SSL (Free)",
        "storage_strategy": "App Service Local Storage"
      },
      "type": [
        "object",
        {
          "always_on_disabled": "string",
          "app_service_tier": "string",
          "backup_strategy": "string",
          "container_registry": "string",
          "custom_domain": "string",
          "key_vault_tier": "string",
          "log_retention": "string",
          "monitoring": "string",
          "ssl_certificate": "string",
          "storage_strategy": "string"
        }
      ]
    },
    "datadog_config": {
      "value": {
        "api_key_secret": "datadog-api-key",
        "apm_enabled": true,
        "environment": "production",
        "logs_enabled": true,
        "service_name": "ajudadorabot",
        "site": "datadoghq.com",
        "trace_enabled": true,
        "version": "1.0.0"
      },
      "type": [
        "object",
        {
          "api_key_secret": "string",
          "apm_enabled": "bool",
          "environment": "string",
          "logs_enabled": "bool",
          "service_name": "string",
          "site": "string",
          "trace_enabled": "bool",
          "version": "string"
        }
      ]
    },
    "deployment_config": {
      "value": {
        "app_name": "ajudadorabot",
        "container_registry": "ghcr.io",
        "datadog_site": "datadoghq.com",
        "environment": "production",
        "free_tier_constraints": {
          "bandwidth_gb": 0.165,
          "compute_hours_per_day": 1,
          "custom_domains": 0,
          "datadog_hosts": 5,
          "datadog_retention_days": 1,
          "deployment_slots": 0,
          "key_vault_operations": 25000,
          "ssl_connections": 0,
          "storage_gb": 1
        },
        "location": "East US"
      },
      "type": [
        "object",
        {
          "app_name": "string",
          "container_registry": "string",
          "datadog_site": "string",
          "environment": "string",
          "free_tier_constraints": [
            "object",
            {
              "bandwidth_gb": "number",
              "compute_hours_per_day": "number",
              "custom_domains": "number",
              "datadog_hosts": "number",
              "datadog_retention_days": "number",
              "deployment_slots": "number",
              "key_vault_operations": "number",
              "ssl_connections": "number",
              "storage_gb": "number"
            }
          ],
          "location": "string"
        }
      ]
    },
    "effective_tags": {
      "value": {
        "Application": "ajudadorabot",
        "CostCenter": "Free-Tier",
        "DatadogMonitored": "true",
        "DeploymentType": "Cost-Optimized",
        "Environment": "Production",
        "ManagedBy": "Terraform",
        "Owner": "DevOps",
        "Project": "AjudadoraBot"
      },
      "type": [
        "object",
        {
          "Application": "string",
          "CostCenter": "string",
          "DatadogMonitored": "string",
          "DeploymentType": "string",
          "Environment": "string",
          "ManagedBy": "string",
          "Owner": "string",
          "Project": "string"
        }
      ]
    },
    "free_tier_info": {
      "value": {
        "custom_domains": 0,
        "daily_bandwidth": "0.165 GB",
        "daily_compute_hours": "1 hours",
        "datadog_hosts": 5,
        "datadog_retention": "1 days",
        "deployment_slots": 0,
        "key_vault_operations": "25000/month",
        "ssl_connections": 0,
        "storage_limit": "1 GB"
      },
      "type": [
        "object",
        {
          "custom_domains": "number",
          "daily_bandwidth": "string",
          "daily_compute_hours": "string",
          "datadog_hosts": "number",
          "datadog_retention": "string",
          "deployment_slots": "number",
          "key_vault_operations": "string",
          "ssl_connections": "number",
          "storage_limit": "string"
        }
      ]
    },
    "health_check_url": {
      "value": "https://ajudadorabot-production-app.azurewebsites.net/health",
      "type": "string"
    },
    "key_vault_id": {
      "value": "/subscriptions/14e69d36-e5b9-4122-a138-a70829258138/resourceGroups/ajudadorabot-production-rg/providers/Microsoft.KeyVault/vaults/ajudadorab-prod-kv-v2",
      "type": "string"
    },
    "key_vault_name": {
      "value": "ajudadorab-prod-kv-v2",
      "type": "string"
    },
    "key_vault_uri": {
      "value": "https://ajudadorab-prod-kv-v2.vault.azure.net/",
      "type": "string"
    },
    "resource_group_location": {
      "value": "eastus",
      "type": "string"
    },
    "resource_group_name": {
      "value": "ajudadorabot-production-rg",
      "type": "string"
    },
    "security_config": {
      "value": {
        "ftps_disabled": true,
        "https_only": true,
        "key_vault_integration": true,
        "managed_identity": true,
        "min_tls_version": "1.2",
        "system_assigned_identity": "3bea73d7-41b7-4022-b46d-b54f8a2a32cd"
      },
      "type": [
        "object",
        {
          "ftps_disabled": "bool",
          "https_only": "bool",
          "key_vault_integration": "bool",
          "managed_identity": "bool",
          "min_tls_version": "string",
          "system_assigned_identity": "string"
        }
      ]
    },
    "service_plan_name": {
      "value": "ajudadorabot-production-plan",
      "type": "string"
    },
    "service_plan_sku": {
      "value": "F1",
      "type": "string"
    },
    "swagger_url": {
      "value": "https://ajudadorabot-production-app.azurewebsites.net/swagger",
      "type": "string"
    },
    "telegram_webhook_url": {
      "value": "https://ajudadorabot-production-app.azurewebsites.net/webhook",
      "type": "string"
    }
  },
  "resources": [
    {
      "mode": "data",
      "type": "azurerm_client_config",
      "name": "current",
      "provider": "provider[\"registry.terraform.io/hashicorp/azurerm\"]",
      "instances": [
        {
          "schema_version": 0,
          "attributes": {
            "client_id": "04b07795-8ddb-461a-bbee-02f9e1bf7b46",
            "id": "Y2xpZW50Q29uZmlncy9jbGllbnRJZD0wNGIwNzc5NS04ZGRiLTQ2MWEtYmJlZS0wMmY5ZTFiZjdiNDY7b2JqZWN0SWQ9MzdhOTAxNDctYjg5NC00NjcyLWI3MTMtZjE1ODkyOGM1MzNmO3N1YnNjcmlwdGlvbklkPTE0ZTY5ZDM2LWU1YjktNDEyMi1hMTM4LWE3MDgyOTI1ODEzODt0ZW5hbnRJZD02MmNjYjg2NC02YTFhLTRiNWQtOGUxYy0zOTdkZWMxYTgyNTg=",
            "object_id": "37a90147-b894-4672-b713-f158928c533f",
            "subscription_id": "14e69d36-e5b9-4122-a138-a70829258138",
            "tenant_id": "62ccb864-6a1a-4b5d-8e1c-397dec1a8258",
            "timeouts": null
          },
          "sensitive_attributes": [],
          "identity_schema_version": 0
        }
      ]
    },
    {
      "mode": "managed",
      "type": "azurerm_key_vault",
      "name": "main",
      "provider": "provider[\"registry.terraform.io/hashicorp/azurerm\"]",
      "instances": [
        {
          "schema_version": 2,
          "attributes": {
            "access_policy": [
              {
                "application_id": "",
                "certificate_permissions": [],
                "key_permissions": [],
                "object_id": "37a90147-b894-4672-b713-f158928c533f",
                "secret_permissions": [
                  "Backup",
                  "Delete",
                  "Get",
                  "List",
                  "Purge",
                  "Recover",
                  "Restore",
                  "Set"
                ],
                "storage_permissions": [],
                "tenant_id": "62ccb864-6a1a-4b5d-8e1c-397dec1a8258"
              },
              {
                "application_id": "",
                "certificate_permissions": [],
                "key_permissions": [],
                "object_id": "3bea73d7-41b7-4022-b46d-b54f8a2a32cd",
                "secret_permissions": [
                  "Get",
                  "List"
                ],
                "storage_permissions": [],
                "tenant_id": "62ccb864-6a1a-4b5d-8e1c-397dec1a8258"
              }
            ],
            "contact": [],
            "enable_rbac_authorization": false,
            "enabled_for_deployment": true,
            "enabled_for_disk_encryption": false,
            "enabled_for_template_deployment": true,
            "id": "/subscriptions/14e69d36-e5b9-4122-a138-a70829258138/resourceGroups/ajudadorabot-production-rg/providers/Microsoft.KeyVault/vaults/ajudadorab-prod-kv-v2",
            "location": "eastus",
            "name": "ajudadorab-prod-kv-v2",
            "network_acls": [
              {
                "bypass": "AzureServices",
                "default_action": "Allow",
                "ip_rules": [],
                "virtual_network_subnet_ids": []
              }
            ],
            "public_network_access_enabled": true,
            "purge_protection_enabled": false,
            "resource_group_name": "ajudadorabot-production-rg",
            "sku_name": "standard",
            "soft_delete_retention_days": 7,
            "tags": {
              "Application": "ajudadorabot",
              "CostCenter": "Free-Tier",
              "DatadogMonitored": "true",
              "DeploymentType": "Cost-Optimized",
              "Environment": "Production",
              "ManagedBy": "Terraform",
              "Owner": "DevOps",
              "Project": "AjudadoraBot"
            },
            "tenant_id": "62ccb864-6a1a-4b5d-8e1c-397dec1a8258",
            "timeouts": null,
            "vault_uri": "https://ajudadorab-prod-kv-v2.vault.azure.net/"
          },
          "sensitive_attributes": [],
          "identity_schema_version": 0,
          "private": "eyJlMmJmYjczMC1lY2FhLTExZTYtOGY4OC0zNDM2M2JjN2M0YzAiOnsiY3JlYXRlIjoxODAwMDAwMDAwMDAwLCJkZWxldGUiOjE4MDAwMDAwMDAwMDAsInJlYWQiOjMwMDAwMDAwMDAwMCwidXBkYXRlIjoxODAwMDAwMDAwMDAwfSwic2NoZW1hX3ZlcnNpb24iOiIyIn0=",
          "dependencies": [
            "data.azurerm_client_config.current",
            "module.rg.azurerm_resource_group.this"
          ]
        }
      ]
    },
    {
      "mode": "managed",
      "type": "azurerm_key_vault_access_policy",
      "name": "app_service",
      "provider": "provider[\"registry.terraform.io/hashicorp/azurerm\"]",
      "instances": [
        {
          "schema_version": 0,
          "attributes": {
            "application_id": "",
            "certificate_permissions": [],
            "id": "/subscriptions/14e69d36-e5b9-4122-a138-a70829258138/resourceGroups/ajudadorabot-production-rg/providers/Microsoft.KeyVault/vaults/ajudadorab-prod-kv-v2/objectId/3bea73d7-41b7-4022-b46d-b54f8a2a32cd",
            "key_permissions": [],
            "key_vault_id": "/subscriptions/14e69d36-e5b9-4122-a138-a70829258138/resourceGroups/ajudadorabot-production-rg/providers/Microsoft.KeyVault/vaults/ajudadorab-prod-kv-v2",
            "object_id": "3bea73d7-41b7-4022-b46d-b54f8a2a32cd",
            "secret_permissions": [
              "Get",
              "List"
            ],
            "storage_permissions": [],
            "tenant_id": "62ccb864-6a1a-4b5d-8e1c-397dec1a8258",
            "timeouts": null
          },
          "sensitive_attributes": [],
          "identity_schema_version": 0,
          "private": "eyJlMmJmYjczMC1lY2FhLTExZTYtOGY4OC0zNDM2M2JjN2M0YzAiOnsiY3JlYXRlIjoxODAwMDAwMDAwMDAwLCJkZWxldGUiOjE4MDAwMDAwMDAwMDAsInJlYWQiOjMwMDAwMDAwMDAwMCwidXBkYXRlIjoxODAwMDAwMDAwMDAwfX0=",
          "dependencies": [
            "azurerm_key_vault.main",
            "azurerm_service_plan.main",
            "data.azurerm_client_config.current",
            "module.app.azurerm_linux_web_app.this",
            "module.rg.azurerm_resource_group.this"
          ]
        }
      ]
    },
    {
      "mode": "managed",
      "type": "azurerm_key_vault_access_policy",
      "name": "terraform",
      "provider": "provider[\"registry.terraform.io/hashicorp/azurerm\"]",
      "instances": [
        {
          "schema_version": 0,
          "attributes": {
            "application_id": "",
            "certificate_permissions": [],
            "id": "/subscriptions/14e69d36-e5b9-4122-a138-a70829258138/resourceGroups/ajudadorabot-production-rg/providers/Microsoft.KeyVault/vaults/ajudadorab-prod-kv-v2/objectId/37a90147-b894-4672-b713-f158928c533f",
            "key_permissions": [],
            "key_vault_id": "/subscriptions/14e69d36-e5b9-4122-a138-a70829258138/resourceGroups/ajudadorabot-production-rg/providers/Microsoft.KeyVault/vaults/ajudadorab-prod-kv-v2",
            "object_id": "37a90147-b894-4672-b713-f158928c533f",
            "secret_permissions": [
              "Backup",
              "Delete",
              "Get",
              "List",
              "Purge",
              "Recover",
              "Restore",
              "Set"
            ],
            "storage_permissions": [],
            "tenant_id": "62ccb864-6a1a-4b5d-8e1c-397dec1a8258",
            "timeouts": null
          },
          "sensitive_attributes": [],
          "identity_schema_version": 0,
          "private": "eyJlMmJmYjczMC1lY2FhLTExZTYtOGY4OC0zNDM2M2JjN2M0YzAiOnsiY3JlYXRlIjoxODAwMDAwMDAwMDAwLCJkZWxldGUiOjE4MDAwMDAwMDAwMDAsInJlYWQiOjMwMDAwMDAwMDAwMCwidXBkYXRlIjoxODAwMDAwMDAwMDAwfX0=",
          "dependencies": [
            "azurerm_key_vault.main",
            "data.azurerm_client_config.current",
            "module.rg.azurerm_resource_group.this"
          ]
        }
      ]
    },
    {
      "mode": "managed",
      "type": "azurerm_key_vault_secret",
      "name": "datadog_api_key",
      "provider": "provider[\"registry.terraform.io/hashicorp/azurerm\"]",
      "instances": [
        {
          "schema_version": 0,
          "attributes": {
            "content_type": "Managed by Terraform",
            "expiration_date": null,
            "id": "https://ajudadorab-prod-kv-v2.vault.azure.net/secrets/datadog-api-key/e21388ec4e904f949706473dcba53aa6",
            "key_vault_id": "/subscriptions/14e69d36-e5b9-4122-a138-a70829258138/resourceGroups/ajudadorabot-production-rg/providers/Microsoft.KeyVault/vaults/ajudadorab-prod-kv-v2",
            "name": "datadog-api-key",
            "not_before_date": null,
            "resource_id": "/subscriptions/14e69d36-e5b9-4122-a138-a70829258138/resourceGroups/ajudadorabot-production-rg/providers/Microsoft.KeyVault/vaults/ajudadorab-prod-kv-v2/secrets/datadog-api-key/versions/e21388ec4e904f949706473dcba53aa6",
            "resource_versionless_id": "/subscriptions/14e69d36-e5b9-4122-a138-a70829258138/resourceGroups/ajudadorabot-production-rg/providers/Microsoft.KeyVault/vaults/ajudadorab-prod-kv-v2/secrets/datadog-api-key",
            "tags": {
              "Application": "ajudadorabot",
              "CostCenter": "Free-Tier",
              "DatadogMonitored": "true",
              "DeploymentType": "Cost-Optimized",
              "Environment": "Production",
              "ManagedBy": "Terraform",
              "Owner": "DevOps",
              "Project": "AjudadoraBot"
            },
            "timeouts": null,
            "value": "aaaaaaaaaaaaaaaaaaaaaaaaaaaaaaaaaa",
            "version": "e21388ec4e904f949706473dcba53aa6",
            "versionless_id": "https://ajudadorab-prod-kv-v2.vault.azure.net/secrets/datadog-api-key"
          },
          "sensitive_attributes": [
            [
              {
                "type": "get_attr",
                "value": "value"
              }
            ]
          ],
          "identity_schema_version": 0,
          "private": "eyJlMmJmYjczMC1lY2FhLTExZTYtOGY4OC0zNDM2M2JjN2M0YzAiOnsiY3JlYXRlIjoxODAwMDAwMDAwMDAwLCJkZWxldGUiOjE4MDAwMDAwMDAwMDAsInJlYWQiOjE4MDAwMDAwMDAwMDAsInVwZGF0ZSI6MTgwMDAwMDAwMDAwMH19",
          "dependencies": [
            "azurerm_key_vault.main",
            "azurerm_key_vault_access_policy.terraform",
            "data.azurerm_client_config.current",
            "module.rg.azurerm_resource_group.this"
          ]
        }
      ]
    },
    {
      "mode": "managed",
      "type": "azurerm_key_vault_secret",
      "name": "jwt_secret",
      "provider": "provider[\"registry.terraform.io/hashicorp/azurerm\"]",
      "instances": [
        {
          "schema_version": 0,
          "attributes": {
            "content_type": "Managed by Terraform",
            "expiration_date": null,
            "id": "https://ajudadorab-prod-kv-v2.vault.azure.net/secrets/jwt-secret/9e13c5ded8e040fe938818d996307016",
            "key_vault_id": "/subscriptions/14e69d36-e5b9-4122-a138-a70829258138/resourceGroups/ajudadorabot-production-rg/providers/Microsoft.KeyVault/vaults/ajudadorab-prod-kv-v2",
            "name": "jwt-secret",
            "not_before_date": null,
            "resource_id": "/subscriptions/14e69d36-e5b9-4122-a138-a70829258138/resourceGroups/ajudadorabot-production-rg/providers/Microsoft.KeyVault/vaults/ajudadorab-prod-kv-v2/secrets/jwt-secret/versions/9e13c5ded8e040fe938818d996307016",
            "resource_versionless_id": "/subscriptions/14e69d36-e5b9-4122-a138-a70829258138/resourceGroups/ajudadorabot-production-rg/providers/Microsoft.KeyVault/vaults/ajudadorab-prod-kv-v2/secrets/jwt-secret",
            "tags": {
              "Application": "ajudadorabot",
              "CostCenter": "Free-Tier",
              "DatadogMonitored": "true",
              "DeploymentType": "Cost-Optimized",
              "Environment": "Production",
              "ManagedBy": "Terraform",
              "Owner": "DevOps",
              "Project": "AjudadoraBot"
            },
            "timeouts": null,
            "value": "oXrPT\u0026]LPBB)x%%J5I_r@TfEXl34u8*@iA2{ES_8j%KKeQ@W7ATo0Y=X9wg]@j?#",
            "version": "9e13c5ded8e040fe938818d996307016",
            "versionless_id": "https://ajudadorab-prod-kv-v2.vault.azure.net/secrets/jwt-secret"
          },
          "sensitive_attributes": [
            [
              {
                "type": "get_attr",
                "value": "value"
              }
            ]
          ],
          "identity_schema_version": 0,
          "private": "eyJlMmJmYjczMC1lY2FhLTExZTYtOGY4OC0zNDM2M2JjN2M0YzAiOnsiY3JlYXRlIjoxODAwMDAwMDAwMDAwLCJkZWxldGUiOjE4MDAwMDAwMDAwMDAsInJlYWQiOjE4MDAwMDAwMDAwMDAsInVwZGF0ZSI6MTgwMDAwMDAwMDAwMH19",
          "dependencies": [
            "azurerm_key_vault.main",
            "azurerm_key_vault_access_policy.terraform",
            "data.azurerm_client_config.current",
            "module.rg.azurerm_resource_group.this",
            "random_password.jwt_secret"
          ]
        }
      ]
    },
    {
      "mode": "managed",
      "type": "azurerm_key_vault_secret",
      "name": "telegram_bot_token",
      "provider": "provider[\"registry.terraform.io/hashicorp/azurerm\"]",
      "instances": [
        {
          "schema_version": 0,
          "attributes": {
            "content_type": "Managed by Terraform",
            "expiration_date": null,
            "id": "https://ajudadorab-prod-kv-v2.vault.azure.net/secrets/telegram-bot-token/f408eb6d6763446c8da074a8430b1ffc",
            "key_vault_id": "/subscriptions/14e69d36-e5b9-4122-a138-a70829258138/resourceGroups/ajudadorabot-production-rg/providers/Microsoft.KeyVault/vaults/ajudadorab-prod-kv-v2",
            "name": "telegram-bot-token",
            "not_before_date": null,
            "resource_id": "/subscriptions/14e69d36-e5b9-4122-a138-a70829258138/resourceGroups/ajudadorabot-production-rg/providers/Microsoft.KeyVault/vaults/ajudadorab-prod-kv-v2/secrets/telegram-bot-token/versions/f408eb6d6763446c8da074a8430b1ffc",
            "resource_versionless_id": "/subscriptions/14e69d36-e5b9-4122-a138-a70829258138/resourceGroups/ajudadorabot-production-rg/providers/Microsoft.KeyVault/vaults/ajudadorab-prod-kv-v2/secrets/telegram-bot-token",
            "tags": {
              "Application": "ajudadorabot",
              "CostCenter": "Free-Tier",
              "DatadogMonitored": "true",
              "DeploymentType": "Cost-Optimized",
              "Environment": "Production",
              "ManagedBy": "Terraform",
              "Owner": "DevOps",
              "Project": "AjudadoraBot"
            },
            "timeouts": null,
            "value": "1234567890:AABBCCDDEEFFGGHHIIJJKKLLMMNNOOPPQQRRSSTTUUVVWWXXYYZZaabbccddee",
            "version": "f408eb6d6763446c8da074a8430b1ffc",
            "versionless_id": "https://ajudadorab-prod-kv-v2.vault.azure.net/secrets/telegram-bot-token"
          },
          "sensitive_attributes": [
            [
              {
                "type": "get_attr",
                "value": "value"
              }
            ]
          ],
          "identity_schema_version": 0,
          "private": "eyJlMmJmYjczMC1lY2FhLTExZTYtOGY4OC0zNDM2M2JjN2M0YzAiOnsiY3JlYXRlIjoxODAwMDAwMDAwMDAwLCJkZWxldGUiOjE4MDAwMDAwMDAwMDAsInJlYWQiOjE4MDAwMDAwMDAwMDAsInVwZGF0ZSI6MTgwMDAwMDAwMDAwMH19",
          "dependencies": [
            "azurerm_key_vault.main",
            "azurerm_key_vault_access_policy.terraform",
            "data.azurerm_client_config.current",
            "module.rg.azurerm_resource_group.this"
          ]
        }
      ]
    },
    {
      "mode": "managed",
      "type": "azurerm_service_plan",
      "name": "main",
      "provider": "provider[\"registry.terraform.io/hashicorp/azurerm\"]",
      "instances": [
        {
          "schema_version": 1,
          "attributes": {
            "app_service_environment_id": "",
            "id": "/subscriptions/14e69d36-e5b9-4122-a138-a70829258138/resourceGroups/ajudadorabot-production-rg/providers/Microsoft.Web/serverFarms/ajudadorabot-production-plan",
            "kind": "linux",
            "location": "eastus",
            "maximum_elastic_worker_count": 1,
            "name": "ajudadorabot-production-plan",
            "os_type": "Linux",
            "per_site_scaling_enabled": false,
            "reserved": true,
            "resource_group_name": "ajudadorabot-production-rg",
            "sku_name": "F1",
            "tags": {
              "Application": "ajudadorabot",
              "CostCenter": "Free-Tier",
              "DatadogMonitored": "true",
              "DeploymentType": "Cost-Optimized",
              "Environment": "Production",
              "ManagedBy": "Terraform",
              "Owner": "DevOps",
              "Project": "AjudadoraBot"
            },
            "timeouts": null,
            "worker_count": 1,
            "zone_balancing_enabled": false
          },
          "sensitive_attributes": [],
          "identity_schema_version": 0,
          "private": "eyJlMmJmYjczMC1lY2FhLTExZTYtOGY4OC0zNDM2M2JjN2M0YzAiOnsiY3JlYXRlIjozNjAwMDAwMDAwMDAwLCJkZWxldGUiOjM2MDAwMDAwMDAwMDAsInJlYWQiOjMwMDAwMDAwMDAwMCwidXBkYXRlIjozNjAwMDAwMDAwMDAwfSwic2NoZW1hX3ZlcnNpb24iOiIxIn0=",
          "dependencies": [
            "module.rg.azurerm_resource_group.this"
          ]
        }
      ]
    },
    {
      "mode": "managed",
      "type": "random_password",
      "name": "jwt_secret",
      "provider": "provider[\"registry.terraform.io/hashicorp/random\"]",
      "instances": [
        {
          "index_key": 0,
          "schema_version": 3,
          "attributes": {
            "bcrypt_hash": "$2a$10$MscIUvxS.zG2xqmL3Xy81.1CIDXok6CtsUuJihcHhjMF/hxB8KOIq",
            "id": "none",
            "keepers": null,
            "length": 64,
            "lower": true,
            "min_lower": 0,
            "min_numeric": 0,
            "min_special": 0,
            "min_upper": 0,
            "number": true,
            "numeric": true,
            "override_special": null,
            "result": "oXrPT\u0026]LPBB)x%%J5I_r@TfEXl34u8*@iA2{ES_8j%KKeQ@W7ATo0Y=X9wg]@j?#",
            "special": true,
            "upper": true
          },
          "sensitive_attributes": [
            [
              {
                "type": "get_attr",
                "value": "bcrypt_hash"
              }
            ],
            [
              {
                "type": "get_attr",
                "value": "result"
              }
            ]
          ],
          "identity_schema_version": 0
        }
      ]
    },
    {
      "module": "module.app",
      "mode": "managed",
      "type": "azurerm_linux_web_app",
      "name": "this",
      "provider": "provider[\"registry.terraform.io/hashicorp/azurerm\"]",
      "instances": [
        {
          "schema_version": 1,
          "attributes": {
            "app_settings": {
              "ASPNETCORE_ENVIRONMENT": "Production",
              "ASPNETCORE_FORWARDEDHEADERS_ENABLED": "true",
              "ASPNETCORE_URLS": "http://+:8080",
              "ConnectionStrings__DefaultConnection": "Data Source=/home/data/ajudadorabot.db",
              "DD_API_KEY": "@Microsoft.KeyVault(VaultName=ajudadorab-prod-kv-v2;SecretName=datadog-api-key)",
              "DD_APM_ENABLED": "true",
              "DD_APM_NON_LOCAL_TRAFFIC": "true",
              "DD_ENV": "production",
              "DD_LOGS_ENABLED": "true",
              "DD_PROFILING_ENABLED": "true",
              "DD_SERVICE": "ajudadorabot",
              "DD_SITE": "datadoghq.com",
              "DD_TRACE_ENABLED": "true",
              "DD_VERSION": "1.0.0",
              "KeyVault__VaultUrl": "https://ajudadorab-prod-kv-v2.vault.azure.net/",
              "MiniApp__JwtAudience": "ajudadorabot-users",
              "MiniApp__JwtIssuer": "ajudadorabot-production",
              "MiniApp__JwtSecret": "@Microsoft.KeyVault(VaultName=ajudadorab-prod-kv-v2;SecretName=jwt-secret)",
              "RateLimiting__PermitLimit": "50",
              "RateLimiting__QueueLimit": "5",
              "RateLimiting__WindowMinutes": "1",
              "TelegramBot__Token": "@Microsoft.KeyVault(VaultName=ajudadorab-prod-kv-v2;SecretName=telegram-bot-token)",
              "TelegramBot__WebhookUrl": "https://ajudadorabot-production-app.azurewebsites.net/webhook",
              "WEBSITES_CONTAINER_START_TIME_LIMIT": "230",
              "WEBSITES_ENABLE_APP_SERVICE_STORAGE": "true",
              "WEBSITE_RUN_FROM_PACKAGE": "0",
              "WEBSITE_TIME_ZONE": "UTC"
            },
            "auth_settings": [],
            "auth_settings_v2": [],
            "backup": [],
            "client_affinity_enabled": false,
            "client_certificate_enabled": false,
            "client_certificate_exclusion_paths": "",
            "client_certificate_mode": "Required",
            "connection_string": [
              {
                "name": "DefaultConnection",
                "type": "Custom",
                "value": "Data Source=/home/data/ajudadorabot.db"
              }
            ],
            "custom_domain_verification_id": "7D66EC424EF054D0EBC0B377952BF8A0904AFAD074BA64430E2AFE22EDD44079",
            "default_hostname": "ajudadorabot-production-app.azurewebsites.net",
            "enabled": true,
            "ftp_publish_basic_authentication_enabled": true,
            "hosting_environment_id": "",
            "https_only": true,
            "id": "/subscriptions/14e69d36-e5b9-4122-a138-a70829258138/resourceGroups/ajudadorabot-production-rg/providers/Microsoft.Web/sites/ajudadorabot-production-app",
            "identity": [
              {
                "identity_ids": [],
                "principal_id": "3bea73d7-41b7-4022-b46d-b54f8a2a32cd",
                "tenant_id": "62ccb864-6a1a-4b5d-8e1c-397dec1a8258",
                "type": "SystemAssigned"
              }
            ],
            "key_vault_reference_identity_id": "SystemAssigned",
            "kind": "app,linux,container",
            "location": "eastus",
            "logs": [
              {
                "application_logs": [
                  {
                    "azure_blob_storage": [],
                    "file_system_level": "Information"
                  }
                ],
                "detailed_error_messages": false,
                "failed_request_tracing": false,
                "http_logs": [
                  {
                    "azure_blob_storage": [],
                    "file_system": [
                      {
                        "retention_in_days": 3,
                        "retention_in_mb": 35
                      }
                    ]
                  }
                ]
              }
            ],
            "name": "ajudadorabot-production-app",
            "outbound_ip_address_list": [
              "20.42.25.185",
              "20.42.26.82",
              "20.42.26.108",
              "20.42.26.130",
              "20.42.26.138",
              "20.42.29.31",
              "52.151.208.100",
              "52.151.208.115",
              "52.151.208.125",
              "52.151.208.126",
              "52.151.208.153",
              "52.151.208.165",
              "20.119.16.34"
            ],
            "outbound_ip_addresses": "20.42.25.185,20.42.26.82,20.42.26.108,20.42.26.130,20.42.26.138,20.42.29.31,52.151.208.100,52.151.208.115,52.151.208.125,52.151.208.126,52.151.208.153,52.151.208.165,20.119.16.34",
            "possible_outbound_ip_address_list": [
              "20.42.25.185",
              "20.42.26.82",
              "20.42.26.108",
              "20.42.26.130",
              "20.42.26.138",
              "20.42.29.31",
              "52.151.208.100",
              "52.151.208.115",
              "52.151.208.125",
              "52.151.208.126",
              "52.151.208.153",
              "52.151.208.165",
              "52.151.208.176",
              "52.151.208.195",
              "52.151.208.201",
              "52.151.208.207",
              "52.151.208.222",
              "52.151.208.232",
              "52.151.208.238",
              "52.151.208.242",
              "52.151.208.255",
              "52.151.209.14",
              "52.151.209.20",
              "52.151.209.30",
              "52.151.209.67",
              "52.151.209.79",
              "52.151.209.81",
              "52.151.209.84",
              "52.151.209.103",
              "52.151.209.118",
              "20.119.16.34"
            ],
            "possible_outbound_ip_addresses": "20.42.25.185,20.42.26.82,20.42.26.108,20.42.26.130,20.42.26.138,20.42.29.31,52.151.208.100,52.151.208.115,52.151.208.125,52.151.208.126,52.151.208.153,52.151.208.165,52.151.208.176,52.151.208.195,52.151.208.201,52.151.208.207,52.151.208.222,52.151.208.232,52.151.208.238,52.151.208.242,52.151.208.255,52.151.209.14,52.151.209.20,52.151.209.30,52.151.209.67,52.151.209.79,52.151.209.81,52.151.209.84,52.151.209.103,52.151.209.118,20.119.16.34",
            "public_network_access_enabled": true,
            "resource_group_name": "ajudadorabot-production-rg",
            "service_plan_id": "/subscriptions/14e69d36-e5b9-4122-a138-a70829258138/resourceGroups/ajudadorabot-production-rg/providers/Microsoft.Web/serverFarms/ajudadorabot-production-plan",
            "site_config": [
              {
                "always_on": false,
                "api_definition_url": "",
                "api_management_api_id": "",
                "app_command_line": "",
                "application_stack": [
                  {
                    "docker_image": "",
                    "docker_image_name": "ghcr.io/ajudadorabot:1.0.0",
                    "docker_image_tag": "",
                    "docker_registry_password": "",
                    "docker_registry_url": "https://ghcr.io",
                    "docker_registry_username": "",
                    "dotnet_version": "",
                    "go_version": "",
                    "java_server": "",
                    "java_server_version": "",
                    "java_version": "",
                    "node_version": "",
                    "php_version": "",
                    "python_version": "",
                    "ruby_version": ""
                  }
                ],
                "auto_heal_enabled": false,
                "auto_heal_setting": [],
                "container_registry_managed_identity_client_id": "",
                "container_registry_use_managed_identity": false,
                "cors": [
                  {
                    "allowed_origins": [
                      "https://a.web.telegram.org",
                      "https://k.web.telegram.org",
                      "https://web.telegram.org",
                      "https://z.web.telegram.org"
                    ],
                    "support_credentials": true
                  }
                ],
                "default_documents": [
                  "Default.htm",
                  "Default.html",
                  "Default.asp",
                  "index.htm",
                  "index.html",
                  "iisstart.htm",
                  "default.aspx",
                  "index.php",
                  "hostingstart.html"
                ],
                "detailed_error_logging_enabled": false,
                "ftps_state": "Disabled",
                "health_check_eviction_time_in_min": 0,
                "health_check_path": "/health",
                "http2_enabled": true,
                "ip_restriction": [],
                "ip_restriction_default_action": "Allow",
                "linux_fx_version": "DOCKER|ghcr.io/ghcr.io/ajudadorabot:1.0.0",
                "load_balancing_mode": "LeastRequests",
                "local_mysql_enabled": false,
                "managed_pipeline_mode": "Integrated",
                "minimum_tls_version": "1.2",
                "remote_debugging_enabled": false,
                "remote_debugging_version": "VS2022",
                "scm_ip_restriction": [],
                "scm_ip_restriction_default_action": "Allow",
                "scm_minimum_tls_version": "1.2",
                "scm_type": "None",
                "scm_use_main_ip_restriction": false,
                "use_32_bit_worker": true,
                "vnet_route_all_enabled": false,
                "websockets_enabled": false,
                "worker_count": 1
              }
            ],
            "site_credential": [
              {
                "name": "$ajudadorabot-production-app",
                "password": "l37QYD3MSx8H9PZm97AYa0Y8sxwPsaPRXMNXjGbaxDcpxZu4L41ElzQ7Joky"
              }
            ],
            "sticky_settings": [],
            "storage_account": [],
            "tags": {
              "Application": "ajudadorabot",
              "CostCenter": "Free-Tier",
              "DatadogMonitored": "true",
              "DeploymentType": "Cost-Optimized",
              "Environment": "Production",
              "ManagedBy": "Terraform",
              "Owner": "DevOps",
              "Project": "AjudadoraBot"
            },
            "timeouts": null,
            "virtual_network_subnet_id": "",
            "webdeploy_publish_basic_authentication_enabled": true,
            "zip_deploy_file": ""
          },
          "sensitive_attributes": [
            [
              {
                "type": "get_attr",
                "value": "connection_string"
              }
            ],
            [
              {
                "type": "get_attr",
                "value": "custom_domain_verification_id"
              }
            ],
            [
              {
                "type": "get_attr",
                "value": "site_config"
              },
              {
                "type": "index",
                "value": {
                  "value": 0,
                  "type": "number"
                }
              },
              {
                "type": "get_attr",
                "value": "application_stack"
              },
              {
                "type": "index",
                "value": {
                  "value": 0,
                  "type": "number"
                }
              },
              {
                "type": "get_attr",
                "value": "docker_registry_password"
              }
            ],
            [
              {
                "type": "get_attr",
                "value": "site_credential"
              }
            ]
          ],
          "identity_schema_version": 0,
          "private": "eyJlMmJmYjczMC1lY2FhLTExZTYtOGY4OC0zNDM2M2JjN2M0YzAiOnsiY3JlYXRlIjoxODAwMDAwMDAwMDAwLCJkZWxldGUiOjE4MDAwMDAwMDAwMDAsInJlYWQiOjMwMDAwMDAwMDAwMCwidXBkYXRlIjoxODAwMDAwMDAwMDAwfSwic2NoZW1hX3ZlcnNpb24iOiIxIn0=",
          "dependencies": [
            "azurerm_key_vault.main",
            "azurerm_service_plan.main",
            "data.azurerm_client_config.current",
            "module.rg.azurerm_resource_group.this"
          ]
        }
      ]
    },
    {
      "module": "module.rg",
      "mode": "managed",
      "type": "azurerm_resource_group",
      "name": "this",
      "provider": "provider[\"registry.terraform.io/hashicorp/azurerm\"]",
      "instances": [
        {
          "schema_version": 0,
          "attributes": {
            "id": "/subscriptions/14e69d36-e5b9-4122-a138-a70829258138/resourceGroups/ajudadorabot-production-rg",
            "location": "eastus",
            "managed_by": "",
            "name": "ajudadorabot-production-rg",
            "tags": {
              "Application": "ajudadorabot",
              "CostCenter": "Free-Tier",
              "DatadogMonitored": "true",
              "DeploymentType": "Cost-Optimized",
              "Environment": "Production",
              "ManagedBy": "Terraform",
              "Owner": "DevOps",
              "Project": "AjudadoraBot"
            },
            "timeouts": null
          },
          "sensitive_attributes": [],
          "identity_schema_version": 0,
          "private": "eyJlMmJmYjczMC1lY2FhLTExZTYtOGY4OC0zNDM2M2JjN2M0YzAiOnsiY3JlYXRlIjo1NDAwMDAwMDAwMDAwLCJkZWxldGUiOjU0MDAwMDAwMDAwMDAsInJlYWQiOjMwMDAwMDAwMDAwMCwidXBkYXRlIjo1NDAwMDAwMDAwMDAwfX0="
        }
      ]
    }
  ],
  "check_results": [
    {
      "object_kind": "var",
      "config_addr": "var.secret_expiration_days",
      "status": "pass",
      "objects": [
        {
          "object_addr": "var.secret_expiration_days",
          "status": "pass"
        }
      ]
    },
    {
      "object_kind": "var",
      "config_addr": "var.app_name",
      "status": "pass",
      "objects": [
        {
          "object_addr": "var.app_name",
          "status": "pass"
        }
      ]
    },
    {
      "object_kind": "var",
      "config_addr": "var.environment",
      "status": "pass",
      "objects": [
        {
          "object_addr": "var.environment",
          "status": "pass"
        }
      ]
    },
    {
      "object_kind": "var",
      "config_addr": "var.location",
      "status": "pass",
      "objects": [
        {
          "object_addr": "var.location",
          "status": "pass"
        }
      ]
    },
    {
      "object_kind": "var",
      "config_addr": "var.datadog_site",
      "status": "pass",
      "objects": [
        {
          "object_addr": "var.datadog_site",
          "status": "pass"
        }
      ]
    }
  ]
}
